
Microsoft Visual Studio Solution File, Format Version 12.00
# Visual Studio Version 16
VisualStudioVersion = 16.0.31112.23
MinimumVisualStudioVersion = 10.0.40219.1
Project("{FAE04EC0-301F-11D3-BF4B-00C04F79EFBC}") = "homework2", "homework2\homework2.csproj", "{8BFEE165-9B5C-401E-9FF6-0048C616E385}"
EndProject
Project("{FAE04EC0-301F-11D3-BF4B-00C04F79EFBC}") = "homework2Tests", "homework2Tests\homework2Tests.csproj", "{37DC0C52-A5CE-4021-8931-0789AD029D80}"
EndProject
Global
	GlobalSection(SolutionConfigurationPlatforms) = preSolution
		Debug|Any CPU = Debug|Any CPU
		Release|Any CPU = Release|Any CPU
	EndGlobalSection
	GlobalSection(ProjectConfigurationPlatforms) = postSolution
		{8BFEE165-9B5C-401E-9FF6-0048C616E385}.Debug|Any CPU.ActiveCfg = Debug|Any CPU
		{8BFEE165-9B5C-401E-9FF6-0048C616E385}.Debug|Any CPU.Build.0 = Debug|Any CPU
		{8BFEE165-9B5C-401E-9FF6-0048C616E385}.Release|Any CPU.ActiveCfg = Release|Any CPU
		{8BFEE165-9B5C-401E-9FF6-0048C616E385}.Release|Any CPU.Build.0 = Release|Any CPU
		{37DC0C52-A5CE-4021-8931-0789AD029D80}.Debug|Any CPU.ActiveCfg = Debug|Any CPU
		{37DC0C52-A5CE-4021-8931-0789AD029D80}.Debug|Any CPU.Build.0 = Debug|Any CPU
		{37DC0C52-A5CE-4021-8931-0789AD029D80}.Release|Any CPU.ActiveCfg = Release|Any CPU
		{37DC0C52-A5CE-4021-8931-0789AD029D80}.Release|Any CPU.Build.0 = Release|Any CPU
	EndGlobalSection
	GlobalSection(SolutionProperties) = preSolution
		HideSolutionNode = FALSE
	EndGlobalSection
	GlobalSection(ExtensibilityGlobals) = postSolution
		SolutionGuid = {C4303BA4-D9C2-42EA-B683-341DB26B307B}
	EndGlobalSection
EndGlobal
